
Microsoft Visual Studio Solution File, Format Version 11.00
# Visual Studio 2010
Project("{FAE04EC0-301F-11D3-BF4B-00C04F79EFBC}") = "UnityEngine.TestRunner", "UnityEngine.TestRunner.csproj", "{e4b5e2d5-16e0-6493-588a-3c3c0a6c4a04}"
EndProject
Project("{FAE04EC0-301F-11D3-BF4B-00C04F79EFBC}") = "UnityEngine.UI", "UnityEngine.UI.csproj", "{701bb891-2e90-4a5f-6560-80be3409d19a}"
EndProject
Project("{FAE04EC0-301F-11D3-BF4B-00C04F79EFBC}") = "Unity.Mathematics", "Unity.Mathematics.csproj", "{714e4dde-20ac-b93f-f89c-2a21a051f98f}"
EndProject
Project("{FAE04EC0-301F-11D3-BF4B-00C04F79EFBC}") = "Unity.Timeline", "Unity.Timeline.csproj", "{561b9f45-137f-f008-7a29-e6f5bd134674}"
EndProject
Project("{FAE04EC0-301F-11D3-BF4B-00C04F79EFBC}") = "Unity.TextMeshPro", "Unity.TextMeshPro.csproj", "{62243237-c772-970e-d4e4-ba02d9d7dad1}"
EndProject
Project("{FAE04EC0-301F-11D3-BF4B-00C04F79EFBC}") = "Unity.Burst", "Unity.Burst.csproj", "{924e077d-6e05-b10d-7dc9-382d6bc57bd2}"
EndProject
Project("{FAE04EC0-301F-11D3-BF4B-00C04F79EFBC}") = "Unity.2D.Animation.Runtime", "Unity.2D.Animation.Runtime.csproj", "{b2317e30-5f3c-04f1-fb19-5eef275d1147}"
EndProject
Project("{FAE04EC0-301F-11D3-BF4B-00C04F79EFBC}") = "Unity.2D.IK.Runtime", "Unity.2D.IK.Runtime.csproj", "{1fc57889-a597-09b8-c763-e4af12bf23dc}"
EndProject
Project("{FAE04EC0-301F-11D3-BF4B-00C04F79EFBC}") = "Assembly-CSharp", "Assembly-CSharp.csproj", "{bf11f324-8e13-7475-cc38-a08de20b04ba}"
EndProject
Project("{FAE04EC0-301F-11D3-BF4B-00C04F79EFBC}") = "Unity.2D.SpriteShape.Runtime", "Unity.2D.SpriteShape.Runtime.csproj", "{02b56e8b-30e5-7a69-c20a-1e70bd313d56}"
EndProject
Project("{FAE04EC0-301F-11D3-BF4B-00C04F79EFBC}") = "Unity.2D.Common.Runtime", "Unity.2D.Common.Runtime.csproj", "{44b3f0cc-ae48-3589-4b7d-ffeb01235455}"
EndProject
Project("{FAE04EC0-301F-11D3-BF4B-00C04F79EFBC}") = "Unity.2D.PixelPerfect", "Unity.2D.PixelPerfect.csproj", "{43bb7b81-8968-4977-a7ef-da901002d024}"
EndProject
Project("{FAE04EC0-301F-11D3-BF4B-00C04F79EFBC}") = "Unity.Recorder", "Unity.Recorder.csproj", "{f6d8064a-24b6-fa5e-8d35-6acce856d2f1}"
EndProject
Project("{FAE04EC0-301F-11D3-BF4B-00C04F79EFBC}") = "Unity.InternalAPIEngineBridge.001", "Unity.InternalAPIEngineBridge.001.csproj", "{44619a91-8b01-4fd8-f19a-3ee95cbf5317}"
EndProject
Project("{FAE04EC0-301F-11D3-BF4B-00C04F79EFBC}") = "Unity.Recorder.Base", "Unity.Recorder.Base.csproj", "{e0a5395e-5e1a-830d-16c2-d575cf2a8349}"
EndProject
Project("{FAE04EC0-301F-11D3-BF4B-00C04F79EFBC}") = "UnityEditor.TestRunner", "UnityEditor.TestRunner.csproj", "{9a997a66-23cc-9f1b-b041-81f4540bad16}"
EndProject
Project("{FAE04EC0-301F-11D3-BF4B-00C04F79EFBC}") = "Unity.2D.Psdimporter.Editor", "Unity.2D.Psdimporter.Editor.csproj", "{a2ea8ed1-dbab-4247-c99f-706d4178f7ee}"
EndProject
Project("{FAE04EC0-301F-11D3-BF4B-00C04F79EFBC}") = "Unity.PlasticSCM.Editor", "Unity.PlasticSCM.Editor.csproj", "{ca99986c-9d83-0d77-769d-27f7b0d77a2f}"
EndProject
Project("{FAE04EC0-301F-11D3-BF4B-00C04F79EFBC}") = "UnityEditor.UI", "UnityEditor.UI.csproj", "{dd2ea259-0fea-e162-0aa9-5f7e06358efd}"
EndProject
Project("{FAE04EC0-301F-11D3-BF4B-00C04F79EFBC}") = "Unity.Services.Core.Editor", "Unity.Services.Core.Editor.csproj", "{f09f0954-8670-913a-9fbe-dbc1ea30d115}"
EndProject
Project("{FAE04EC0-301F-11D3-BF4B-00C04F79EFBC}") = "Unity.Timeline.Editor", "Unity.Timeline.Editor.csproj", "{d56ca691-e5a0-67de-ed71-8d84537578ab}"
EndProject
Project("{FAE04EC0-301F-11D3-BF4B-00C04F79EFBC}") = "Unity.VisualStudio.Editor", "Unity.VisualStudio.Editor.csproj", "{6f75d554-65a7-3cd0-0b5c-b559e74971d7}"
EndProject
Project("{FAE04EC0-301F-11D3-BF4B-00C04F79EFBC}") = "Unity.Recorder.Editor", "Unity.Recorder.Editor.csproj", "{442a04b6-2dda-3c7b-9b18-2ff9de82a1f6}"
EndProject
Project("{FAE04EC0-301F-11D3-BF4B-00C04F79EFBC}") = "Unity.2D.Animation.Editor", "Unity.2D.Animation.Editor.csproj", "{7a47d00f-eaa3-4e22-d8c6-a25b70140cae}"
EndProject
Project("{FAE04EC0-301F-11D3-BF4B-00C04F79EFBC}") = "Unity.TextMeshPro.Editor", "Unity.TextMeshPro.Editor.csproj", "{87264134-dca4-2332-aef8-cb5e5ce088e4}"
EndProject
Project("{FAE04EC0-301F-11D3-BF4B-00C04F79EFBC}") = "Unity.2D.SpriteShape.Editor", "Unity.2D.SpriteShape.Editor.csproj", "{9ae4c4c9-a6eb-9ba4-d7d5-9293c6aacb26}"
EndProject
Project("{FAE04EC0-301F-11D3-BF4B-00C04F79EFBC}") = "Unity.CollabProxy.Editor", "Unity.CollabProxy.Editor.csproj", "{3bf01d58-b47f-d33b-229a-eca92dcbcb51}"
EndProject
Project("{FAE04EC0-301F-11D3-BF4B-00C04F79EFBC}") = "PsdPlugin", "PsdPlugin.csproj", "{bd3e16ef-ef72-4c91-bf97-2c04ce334923}"
EndProject
Project("{FAE04EC0-301F-11D3-BF4B-00C04F79EFBC}") = "Unity.2D.Tilemap.Editor", "Unity.2D.Tilemap.Editor.csproj", "{88c75353-56ab-c24e-917b-990bff8586fc}"
EndProject
Project("{FAE04EC0-301F-11D3-BF4B-00C04F79EFBC}") = "Unity.2D.Path.Editor", "Unity.2D.Path.Editor.csproj", "{be1ae34d-bcdb-15d2-a077-4eb158a12965}"
EndProject
Project("{FAE04EC0-301F-11D3-BF4B-00C04F79EFBC}") = "Unity.Rider.Editor", "Unity.Rider.Editor.csproj", "{06b2e2ba-c6f9-b948-4bea-d631779caed9}"
EndProject
Project("{FAE04EC0-301F-11D3-BF4B-00C04F79EFBC}") = "Unity.2D.Sprite.Editor", "Unity.2D.Sprite.Editor.csproj", "{438c3cb7-2f3e-facb-cfa6-4f07c1dd5e47}"
EndProject
Project("{FAE04EC0-301F-11D3-BF4B-00C04F79EFBC}") = "Unity.2D.IK.Editor", "Unity.2D.IK.Editor.csproj", "{875d380d-a3af-a7cf-30f3-85c11c91f450}"
EndProject
Project("{FAE04EC0-301F-11D3-BF4B-00C04F79EFBC}") = "Unity.Burst.Editor", "Unity.Burst.Editor.csproj", "{0ae72d4d-021c-cfab-89e8-d4b987d8ba1a}"
EndProject
Project("{FAE04EC0-301F-11D3-BF4B-00C04F79EFBC}") = "Unity.Burst.CodeGen", "Unity.Burst.CodeGen.csproj", "{8ef147b9-a79f-c5ea-8825-ecd6d9a28865}"
EndProject
Project("{FAE04EC0-301F-11D3-BF4B-00C04F79EFBC}") = "Unity.2D.PixelPerfect.Editor", "Unity.2D.PixelPerfect.Editor.csproj", "{6dcb54fb-f4c9-b28c-fba1-e2c247e2e14a}"
EndProject
Project("{FAE04EC0-301F-11D3-BF4B-00C04F79EFBC}") = "Unity.VSCode.Editor", "Unity.VSCode.Editor.csproj", "{f9a9a8dd-0a3d-894a-c099-ac428236e58f}"
EndProject
Project("{FAE04EC0-301F-11D3-BF4B-00C04F79EFBC}") = "Unity.2D.Common.Editor", "Unity.2D.Common.Editor.csproj", "{7f571d24-32ed-dcaf-ad0a-c40bd95c74a0}"
EndProject
Project("{FAE04EC0-301F-11D3-BF4B-00C04F79EFBC}") = "Unity.Mathematics.Editor", "Unity.Mathematics.Editor.csproj", "{ede6446b-09a9-c07f-c4ec-470b8811ac7f}"
EndProject
Project("{FAE04EC0-301F-11D3-BF4B-00C04F79EFBC}") = "Unity.InternalAPIEditorBridge.001", "Unity.InternalAPIEditorBridge.001.csproj", "{4821c2d6-ab7c-8634-d482-00a90f1b5a42}"
EndProject
Global
	GlobalSection(SolutionConfigurationPlatforms) = preSolution
		Debug|Any CPU = Debug|Any CPU
	EndGlobalSection
	GlobalSection(ProjectConfigurationPlatforms) = postSolution
		{e4b5e2d5-16e0-6493-588a-3c3c0a6c4a04}.Debug|Any CPU.ActiveCfg = Debug|Any CPU
		{e4b5e2d5-16e0-6493-588a-3c3c0a6c4a04}.Debug|Any CPU.Build.0 = Debug|Any CPU
		{701bb891-2e90-4a5f-6560-80be3409d19a}.Debug|Any CPU.ActiveCfg = Debug|Any CPU
		{701bb891-2e90-4a5f-6560-80be3409d19a}.Debug|Any CPU.Build.0 = Debug|Any CPU
		{714e4dde-20ac-b93f-f89c-2a21a051f98f}.Debug|Any CPU.ActiveCfg = Debug|Any CPU
		{714e4dde-20ac-b93f-f89c-2a21a051f98f}.Debug|Any CPU.Build.0 = Debug|Any CPU
		{561b9f45-137f-f008-7a29-e6f5bd134674}.Debug|Any CPU.ActiveCfg = Debug|Any CPU
		{561b9f45-137f-f008-7a29-e6f5bd134674}.Debug|Any CPU.Build.0 = Debug|Any CPU
		{62243237-c772-970e-d4e4-ba02d9d7dad1}.Debug|Any CPU.ActiveCfg = Debug|Any CPU
		{62243237-c772-970e-d4e4-ba02d9d7dad1}.Debug|Any CPU.Build.0 = Debug|Any CPU
		{924e077d-6e05-b10d-7dc9-382d6bc57bd2}.Debug|Any CPU.ActiveCfg = Debug|Any CPU
		{924e077d-6e05-b10d-7dc9-382d6bc57bd2}.Debug|Any CPU.Build.0 = Debug|Any CPU
		{b2317e30-5f3c-04f1-fb19-5eef275d1147}.Debug|Any CPU.ActiveCfg = Debug|Any CPU
		{b2317e30-5f3c-04f1-fb19-5eef275d1147}.Debug|Any CPU.Build.0 = Debug|Any CPU
		{1fc57889-a597-09b8-c763-e4af12bf23dc}.Debug|Any CPU.ActiveCfg = Debug|Any CPU
		{1fc57889-a597-09b8-c763-e4af12bf23dc}.Debug|Any CPU.Build.0 = Debug|Any CPU
		{bf11f324-8e13-7475-cc38-a08de20b04ba}.Debug|Any CPU.ActiveCfg = Debug|Any CPU
		{bf11f324-8e13-7475-cc38-a08de20b04ba}.Debug|Any CPU.Build.0 = Debug|Any CPU
		{02b56e8b-30e5-7a69-c20a-1e70bd313d56}.Debug|Any CPU.ActiveCfg = Debug|Any CPU
		{02b56e8b-30e5-7a69-c20a-1e70bd313d56}.Debug|Any CPU.Build.0 = Debug|Any CPU
		{44b3f0cc-ae48-3589-4b7d-ffeb01235455}.Debug|Any CPU.ActiveCfg = Debug|Any CPU
		{44b3f0cc-ae48-3589-4b7d-ffeb01235455}.Debug|Any CPU.Build.0 = Debug|Any CPU
		{43bb7b81-8968-4977-a7ef-da901002d024}.Debug|Any CPU.ActiveCfg = Debug|Any CPU
		{43bb7b81-8968-4977-a7ef-da901002d024}.Debug|Any CPU.Build.0 = Debug|Any CPU
		{f6d8064a-24b6-fa5e-8d35-6acce856d2f1}.Debug|Any CPU.ActiveCfg = Debug|Any CPU
		{f6d8064a-24b6-fa5e-8d35-6acce856d2f1}.Debug|Any CPU.Build.0 = Debug|Any CPU
		{44619a91-8b01-4fd8-f19a-3ee95cbf5317}.Debug|Any CPU.ActiveCfg = Debug|Any CPU
		{44619a91-8b01-4fd8-f19a-3ee95cbf5317}.Debug|Any CPU.Build.0 = Debug|Any CPU
		{e0a5395e-5e1a-830d-16c2-d575cf2a8349}.Debug|Any CPU.ActiveCfg = Debug|Any CPU
		{e0a5395e-5e1a-830d-16c2-d575cf2a8349}.Debug|Any CPU.Build.0 = Debug|Any CPU
		{9a997a66-23cc-9f1b-b041-81f4540bad16}.Debug|Any CPU.ActiveCfg = Debug|Any CPU
		{9a997a66-23cc-9f1b-b041-81f4540bad16}.Debug|Any CPU.Build.0 = Debug|Any CPU
		{a2ea8ed1-dbab-4247-c99f-706d4178f7ee}.Debug|Any CPU.ActiveCfg = Debug|Any CPU
		{a2ea8ed1-dbab-4247-c99f-706d4178f7ee}.Debug|Any CPU.Build.0 = Debug|Any CPU
		{ca99986c-9d83-0d77-769d-27f7b0d77a2f}.Debug|Any CPU.ActiveCfg = Debug|Any CPU
		{ca99986c-9d83-0d77-769d-27f7b0d77a2f}.Debug|Any CPU.Build.0 = Debug|Any CPU
		{dd2ea259-0fea-e162-0aa9-5f7e06358efd}.Debug|Any CPU.ActiveCfg = Debug|Any CPU
		{dd2ea259-0fea-e162-0aa9-5f7e06358efd}.Debug|Any CPU.Build.0 = Debug|Any CPU
		{f09f0954-8670-913a-9fbe-dbc1ea30d115}.Debug|Any CPU.ActiveCfg = Debug|Any CPU
		{f09f0954-8670-913a-9fbe-dbc1ea30d115}.Debug|Any CPU.Build.0 = Debug|Any CPU
		{d56ca691-e5a0-67de-ed71-8d84537578ab}.Debug|Any CPU.ActiveCfg = Debug|Any CPU
		{d56ca691-e5a0-67de-ed71-8d84537578ab}.Debug|Any CPU.Build.0 = Debug|Any CPU
		{6f75d554-65a7-3cd0-0b5c-b559e74971d7}.Debug|Any CPU.ActiveCfg = Debug|Any CPU
		{6f75d554-65a7-3cd0-0b5c-b559e74971d7}.Debug|Any CPU.Build.0 = Debug|Any CPU
		{442a04b6-2dda-3c7b-9b18-2ff9de82a1f6}.Debug|Any CPU.ActiveCfg = Debug|Any CPU
		{442a04b6-2dda-3c7b-9b18-2ff9de82a1f6}.Debug|Any CPU.Build.0 = Debug|Any CPU
		{7a47d00f-eaa3-4e22-d8c6-a25b70140cae}.Debug|Any CPU.ActiveCfg = Debug|Any CPU
		{7a47d00f-eaa3-4e22-d8c6-a25b70140cae}.Debug|Any CPU.Build.0 = Debug|Any CPU
		{87264134-dca4-2332-aef8-cb5e5ce088e4}.Debug|Any CPU.ActiveCfg = Debug|Any CPU
		{87264134-dca4-2332-aef8-cb5e5ce088e4}.Debug|Any CPU.Build.0 = Debug|Any CPU
		{9ae4c4c9-a6eb-9ba4-d7d5-9293c6aacb26}.Debug|Any CPU.ActiveCfg = Debug|Any CPU
		{9ae4c4c9-a6eb-9ba4-d7d5-9293c6aacb26}.Debug|Any CPU.Build.0 = Debug|Any CPU
		{3bf01d58-b47f-d33b-229a-eca92dcbcb51}.Debug|Any CPU.ActiveCfg = Debug|Any CPU
		{3bf01d58-b47f-d33b-229a-eca92dcbcb51}.Debug|Any CPU.Build.0 = Debug|Any CPU
		{bd3e16ef-ef72-4c91-bf97-2c04ce334923}.Debug|Any CPU.ActiveCfg = Debug|Any CPU
		{bd3e16ef-ef72-4c91-bf97-2c04ce334923}.Debug|Any CPU.Build.0 = Debug|Any CPU
		{88c75353-56ab-c24e-917b-990bff8586fc}.Debug|Any CPU.ActiveCfg = Debug|Any CPU
		{88c75353-56ab-c24e-917b-990bff8586fc}.Debug|Any CPU.Build.0 = Debug|Any CPU
		{be1ae34d-bcdb-15d2-a077-4eb158a12965}.Debug|Any CPU.ActiveCfg = Debug|Any CPU
		{be1ae34d-bcdb-15d2-a077-4eb158a12965}.Debug|Any CPU.Build.0 = Debug|Any CPU
		{06b2e2ba-c6f9-b948-4bea-d631779caed9}.Debug|Any CPU.ActiveCfg = Debug|Any CPU
		{06b2e2ba-c6f9-b948-4bea-d631779caed9}.Debug|Any CPU.Build.0 = Debug|Any CPU
		{438c3cb7-2f3e-facb-cfa6-4f07c1dd5e47}.Debug|Any CPU.ActiveCfg = Debug|Any CPU
		{438c3cb7-2f3e-facb-cfa6-4f07c1dd5e47}.Debug|Any CPU.Build.0 = Debug|Any CPU
		{875d380d-a3af-a7cf-30f3-85c11c91f450}.Debug|Any CPU.ActiveCfg = Debug|Any CPU
		{875d380d-a3af-a7cf-30f3-85c11c91f450}.Debug|Any CPU.Build.0 = Debug|Any CPU
		{0ae72d4d-021c-cfab-89e8-d4b987d8ba1a}.Debug|Any CPU.ActiveCfg = Debug|Any CPU
		{0ae72d4d-021c-cfab-89e8-d4b987d8ba1a}.Debug|Any CPU.Build.0 = Debug|Any CPU
		{8ef147b9-a79f-c5ea-8825-ecd6d9a28865}.Debug|Any CPU.ActiveCfg = Debug|Any CPU
		{8ef147b9-a79f-c5ea-8825-ecd6d9a28865}.Debug|Any CPU.Build.0 = Debug|Any CPU
		{6dcb54fb-f4c9-b28c-fba1-e2c247e2e14a}.Debug|Any CPU.ActiveCfg = Debug|Any CPU
		{6dcb54fb-f4c9-b28c-fba1-e2c247e2e14a}.Debug|Any CPU.Build.0 = Debug|Any CPU
		{f9a9a8dd-0a3d-894a-c099-ac428236e58f}.Debug|Any CPU.ActiveCfg = Debug|Any CPU
		{f9a9a8dd-0a3d-894a-c099-ac428236e58f}.Debug|Any CPU.Build.0 = Debug|Any CPU
		{7f571d24-32ed-dcaf-ad0a-c40bd95c74a0}.Debug|Any CPU.ActiveCfg = Debug|Any CPU
		{7f571d24-32ed-dcaf-ad0a-c40bd95c74a0}.Debug|Any CPU.Build.0 = Debug|Any CPU
		{ede6446b-09a9-c07f-c4ec-470b8811ac7f}.Debug|Any CPU.ActiveCfg = Debug|Any CPU
		{ede6446b-09a9-c07f-c4ec-470b8811ac7f}.Debug|Any CPU.Build.0 = Debug|Any CPU
		{4821c2d6-ab7c-8634-d482-00a90f1b5a42}.Debug|Any CPU.ActiveCfg = Debug|Any CPU
		{4821c2d6-ab7c-8634-d482-00a90f1b5a42}.Debug|Any CPU.Build.0 = Debug|Any CPU
	EndGlobalSection
	GlobalSection(SolutionProperties) = preSolution
		HideSolutionNode = FALSE
	EndGlobalSection
EndGlobal
