
Microsoft Visual Studio Solution File, Format Version 11.00
# Visual Studio 2010
Project("{FAE04EC0-301F-11D3-BF4B-00C04F79EFBC}") = "UnityEngine.TestRunner", "UnityEngine.TestRunner.csproj", "{7fa68e3d-33d0-27e5-e6c4-f63fb4d60771}"
EndProject
Project("{FAE04EC0-301F-11D3-BF4B-00C04F79EFBC}") = "UnityEngine.UI", "UnityEngine.UI.csproj", "{846cd62d-769d-70dd-6c48-89132c157752}"
EndProject
Project("{FAE04EC0-301F-11D3-BF4B-00C04F79EFBC}") = "Unity.Mathematics", "Unity.Mathematics.csproj", "{ec105f83-91b2-735a-c7d1-e8d4bf359e86}"
EndProject
Project("{FAE04EC0-301F-11D3-BF4B-00C04F79EFBC}") = "Unity.InputSystem", "Unity.InputSystem.csproj", "{b615bef9-c5de-f76d-3fb4-48f641d30c9b}"
EndProject
Project("{FAE04EC0-301F-11D3-BF4B-00C04F79EFBC}") = "Unity.Timeline", "Unity.Timeline.csproj", "{b78ac853-db07-ee9f-2e8b-93644e92fe1e}"
EndProject
Project("{FAE04EC0-301F-11D3-BF4B-00C04F79EFBC}") = "Unity.TextMeshPro", "Unity.TextMeshPro.csproj", "{f0945ed6-e1c4-d000-c20d-9c8a7964567d}"
EndProject
Project("{FAE04EC0-301F-11D3-BF4B-00C04F79EFBC}") = "Unity.Burst", "Unity.Burst.csproj", "{7b3e093a-2a56-6372-067c-3f16cf99196d}"
EndProject
Project("{FAE04EC0-301F-11D3-BF4B-00C04F79EFBC}") = "Unity.2D.Animation.Runtime", "Unity.2D.Animation.Runtime.csproj", "{24cec6fd-a98f-2d2d-d2b2-413ae376f10b}"
EndProject
Project("{FAE04EC0-301F-11D3-BF4B-00C04F79EFBC}") = "Unity.2D.IK.Runtime", "Unity.2D.IK.Runtime.csproj", "{3214aa91-8f21-e532-e2eb-5661ba4cb8fc}"
EndProject
Project("{FAE04EC0-301F-11D3-BF4B-00C04F79EFBC}") = "Assembly-CSharp", "Assembly-CSharp.csproj", "{64183b1d-2acc-a4b8-b984-e61b3f57779a}"
EndProject
Project("{FAE04EC0-301F-11D3-BF4B-00C04F79EFBC}") = "Unity.2D.SpriteShape.Runtime", "Unity.2D.SpriteShape.Runtime.csproj", "{d42ba282-0471-200f-c9af-22ec4ce12e3e}"
EndProject
Project("{FAE04EC0-301F-11D3-BF4B-00C04F79EFBC}") = "Unity.2D.Common.Runtime", "Unity.2D.Common.Runtime.csproj", "{5137069c-780e-ca91-f6a3-ce9bb17f43e2}"
EndProject
Project("{FAE04EC0-301F-11D3-BF4B-00C04F79EFBC}") = "Unity.2D.PixelPerfect", "Unity.2D.PixelPerfect.csproj", "{94b70704-4233-4cb3-399b-f9546b371cad}"
EndProject
Project("{FAE04EC0-301F-11D3-BF4B-00C04F79EFBC}") = "Unity.InternalAPIEngineBridge.001", "Unity.InternalAPIEngineBridge.001.csproj", "{97738c3e-bd34-42a3-2c8c-d87d284e3c93}"
EndProject
Project("{FAE04EC0-301F-11D3-BF4B-00C04F79EFBC}") = "Unity.2D.Animation.Editor", "Unity.2D.Animation.Editor.csproj", "{2fb2fc9b-a570-4cfe-1f7a-1fd526a41c72}"
EndProject
Project("{FAE04EC0-301F-11D3-BF4B-00C04F79EFBC}") = "Unity.TextMeshPro.Editor", "Unity.TextMeshPro.Editor.csproj", "{dcfc9584-dac5-6fb7-a1b1-60bf7cf9a701}"
EndProject
Project("{FAE04EC0-301F-11D3-BF4B-00C04F79EFBC}") = "UnityEditor.TestRunner", "UnityEditor.TestRunner.csproj", "{819972e0-4eac-6bb6-b854-d4ec9c58a40f}"
EndProject
Project("{FAE04EC0-301F-11D3-BF4B-00C04F79EFBC}") = "Unity.2D.Psdimporter.Editor", "Unity.2D.Psdimporter.Editor.csproj", "{a6f9fb23-c569-d20f-766f-bc89e90381a2}"
EndProject
Project("{FAE04EC0-301F-11D3-BF4B-00C04F79EFBC}") = "Unity.PlasticSCM.Editor", "Unity.PlasticSCM.Editor.csproj", "{0107dfb0-bedb-3c42-0e8f-0dd39da608d4}"
EndProject
Project("{FAE04EC0-301F-11D3-BF4B-00C04F79EFBC}") = "UnityEditor.UI", "UnityEditor.UI.csproj", "{075e2b97-dc0e-c1a6-5e8b-798731cf6b78}"
EndProject
Project("{FAE04EC0-301F-11D3-BF4B-00C04F79EFBC}") = "Unity.Services.Core.Editor", "Unity.Services.Core.Editor.csproj", "{69cb4693-0c8c-0da8-8a76-018420ea5990}"
EndProject
Project("{FAE04EC0-301F-11D3-BF4B-00C04F79EFBC}") = "Unity.Timeline.Editor", "Unity.Timeline.Editor.csproj", "{d0829e35-4b97-893e-6246-91e14bc89356}"
EndProject
Project("{FAE04EC0-301F-11D3-BF4B-00C04F79EFBC}") = "Unity.VisualStudio.Editor", "Unity.VisualStudio.Editor.csproj", "{e01958e2-ddb3-602d-4c5f-329d3d3d6a6c}"
EndProject
Project("{FAE04EC0-301F-11D3-BF4B-00C04F79EFBC}") = "Unity.2D.SpriteShape.Editor", "Unity.2D.SpriteShape.Editor.csproj", "{e4cdc5ed-520a-97ab-1efb-4445520f7a50}"
EndProject
Project("{FAE04EC0-301F-11D3-BF4B-00C04F79EFBC}") = "Unity.CollabProxy.Editor", "Unity.CollabProxy.Editor.csproj", "{89955bc8-1174-afcc-6163-a81aba6954c2}"
EndProject
Project("{FAE04EC0-301F-11D3-BF4B-00C04F79EFBC}") = "PsdPlugin", "PsdPlugin.csproj", "{46f514de-cd24-35b8-72e8-46f8cd56b31d}"
EndProject
Project("{FAE04EC0-301F-11D3-BF4B-00C04F79EFBC}") = "Unity.2D.Tilemap.Editor", "Unity.2D.Tilemap.Editor.csproj", "{b3313121-5902-cd9f-5d4e-11f2de738c53}"
EndProject
Project("{FAE04EC0-301F-11D3-BF4B-00C04F79EFBC}") = "Unity.2D.Path.Editor", "Unity.2D.Path.Editor.csproj", "{37ee5378-bb3d-75d5-ceb5-88d5bd2e4fc6}"
EndProject
Project("{FAE04EC0-301F-11D3-BF4B-00C04F79EFBC}") = "Unity.Rider.Editor", "Unity.Rider.Editor.csproj", "{790b419f-ef93-ad47-2c7f-95ae44ca90da}"
EndProject
Project("{FAE04EC0-301F-11D3-BF4B-00C04F79EFBC}") = "Unity.2D.Sprite.Editor", "Unity.2D.Sprite.Editor.csproj", "{947be95a-4b10-12f2-ceb1-537d38f78b3f}"
EndProject
Project("{FAE04EC0-301F-11D3-BF4B-00C04F79EFBC}") = "Unity.2D.IK.Editor", "Unity.2D.IK.Editor.csproj", "{09f39582-3fc1-a011-1484-2d3ff17eb165}"
EndProject
Project("{FAE04EC0-301F-11D3-BF4B-00C04F79EFBC}") = "Unity.Burst.Editor", "Unity.Burst.Editor.csproj", "{3f788339-4f81-b6f0-8367-80902229c91b}"
EndProject
Project("{FAE04EC0-301F-11D3-BF4B-00C04F79EFBC}") = "Unity.Burst.CodeGen", "Unity.Burst.CodeGen.csproj", "{103a6e6f-47cd-9e83-877c-3d1e34ded2b9}"
EndProject
Project("{FAE04EC0-301F-11D3-BF4B-00C04F79EFBC}") = "Unity.2D.PixelPerfect.Editor", "Unity.2D.PixelPerfect.Editor.csproj", "{1d5534c6-97f5-a767-d6e9-a3865863b4f0}"
EndProject
Project("{FAE04EC0-301F-11D3-BF4B-00C04F79EFBC}") = "Unity.VSCode.Editor", "Unity.VSCode.Editor.csproj", "{53230c8a-1ce0-ed9a-8838-38c1c8a8b576}"
EndProject
Project("{FAE04EC0-301F-11D3-BF4B-00C04F79EFBC}") = "Unity.2D.Common.Editor", "Unity.2D.Common.Editor.csproj", "{20e0c4b3-e3ec-1219-c594-5585ff8b36ec}"
EndProject
Project("{FAE04EC0-301F-11D3-BF4B-00C04F79EFBC}") = "Unity.Mathematics.Editor", "Unity.Mathematics.Editor.csproj", "{bafb87b0-b2c7-9acb-a1b9-3cb9a7a19ac4}"
EndProject
Project("{FAE04EC0-301F-11D3-BF4B-00C04F79EFBC}") = "Unity.InternalAPIEditorBridge.001", "Unity.InternalAPIEditorBridge.001.csproj", "{4df5b14b-09c5-84ad-4055-aac3db585285}"
EndProject
Global
	GlobalSection(SolutionConfigurationPlatforms) = preSolution
		Debug|Any CPU = Debug|Any CPU
	EndGlobalSection
	GlobalSection(ProjectConfigurationPlatforms) = postSolution
		{7fa68e3d-33d0-27e5-e6c4-f63fb4d60771}.Debug|Any CPU.ActiveCfg = Debug|Any CPU
		{7fa68e3d-33d0-27e5-e6c4-f63fb4d60771}.Debug|Any CPU.Build.0 = Debug|Any CPU
		{846cd62d-769d-70dd-6c48-89132c157752}.Debug|Any CPU.ActiveCfg = Debug|Any CPU
		{846cd62d-769d-70dd-6c48-89132c157752}.Debug|Any CPU.Build.0 = Debug|Any CPU
		{ec105f83-91b2-735a-c7d1-e8d4bf359e86}.Debug|Any CPU.ActiveCfg = Debug|Any CPU
		{ec105f83-91b2-735a-c7d1-e8d4bf359e86}.Debug|Any CPU.Build.0 = Debug|Any CPU
		{b615bef9-c5de-f76d-3fb4-48f641d30c9b}.Debug|Any CPU.ActiveCfg = Debug|Any CPU
		{b615bef9-c5de-f76d-3fb4-48f641d30c9b}.Debug|Any CPU.Build.0 = Debug|Any CPU
		{b78ac853-db07-ee9f-2e8b-93644e92fe1e}.Debug|Any CPU.ActiveCfg = Debug|Any CPU
		{b78ac853-db07-ee9f-2e8b-93644e92fe1e}.Debug|Any CPU.Build.0 = Debug|Any CPU
		{f0945ed6-e1c4-d000-c20d-9c8a7964567d}.Debug|Any CPU.ActiveCfg = Debug|Any CPU
		{f0945ed6-e1c4-d000-c20d-9c8a7964567d}.Debug|Any CPU.Build.0 = Debug|Any CPU
		{7b3e093a-2a56-6372-067c-3f16cf99196d}.Debug|Any CPU.ActiveCfg = Debug|Any CPU
		{7b3e093a-2a56-6372-067c-3f16cf99196d}.Debug|Any CPU.Build.0 = Debug|Any CPU
		{24cec6fd-a98f-2d2d-d2b2-413ae376f10b}.Debug|Any CPU.ActiveCfg = Debug|Any CPU
		{24cec6fd-a98f-2d2d-d2b2-413ae376f10b}.Debug|Any CPU.Build.0 = Debug|Any CPU
		{3214aa91-8f21-e532-e2eb-5661ba4cb8fc}.Debug|Any CPU.ActiveCfg = Debug|Any CPU
		{3214aa91-8f21-e532-e2eb-5661ba4cb8fc}.Debug|Any CPU.Build.0 = Debug|Any CPU
		{64183b1d-2acc-a4b8-b984-e61b3f57779a}.Debug|Any CPU.ActiveCfg = Debug|Any CPU
		{64183b1d-2acc-a4b8-b984-e61b3f57779a}.Debug|Any CPU.Build.0 = Debug|Any CPU
		{d42ba282-0471-200f-c9af-22ec4ce12e3e}.Debug|Any CPU.ActiveCfg = Debug|Any CPU
		{d42ba282-0471-200f-c9af-22ec4ce12e3e}.Debug|Any CPU.Build.0 = Debug|Any CPU
		{5137069c-780e-ca91-f6a3-ce9bb17f43e2}.Debug|Any CPU.ActiveCfg = Debug|Any CPU
		{5137069c-780e-ca91-f6a3-ce9bb17f43e2}.Debug|Any CPU.Build.0 = Debug|Any CPU
		{94b70704-4233-4cb3-399b-f9546b371cad}.Debug|Any CPU.ActiveCfg = Debug|Any CPU
		{94b70704-4233-4cb3-399b-f9546b371cad}.Debug|Any CPU.Build.0 = Debug|Any CPU
		{97738c3e-bd34-42a3-2c8c-d87d284e3c93}.Debug|Any CPU.ActiveCfg = Debug|Any CPU
		{97738c3e-bd34-42a3-2c8c-d87d284e3c93}.Debug|Any CPU.Build.0 = Debug|Any CPU
		{2fb2fc9b-a570-4cfe-1f7a-1fd526a41c72}.Debug|Any CPU.ActiveCfg = Debug|Any CPU
		{2fb2fc9b-a570-4cfe-1f7a-1fd526a41c72}.Debug|Any CPU.Build.0 = Debug|Any CPU
		{dcfc9584-dac5-6fb7-a1b1-60bf7cf9a701}.Debug|Any CPU.ActiveCfg = Debug|Any CPU
		{dcfc9584-dac5-6fb7-a1b1-60bf7cf9a701}.Debug|Any CPU.Build.0 = Debug|Any CPU
		{819972e0-4eac-6bb6-b854-d4ec9c58a40f}.Debug|Any CPU.ActiveCfg = Debug|Any CPU
		{819972e0-4eac-6bb6-b854-d4ec9c58a40f}.Debug|Any CPU.Build.0 = Debug|Any CPU
		{a6f9fb23-c569-d20f-766f-bc89e90381a2}.Debug|Any CPU.ActiveCfg = Debug|Any CPU
		{a6f9fb23-c569-d20f-766f-bc89e90381a2}.Debug|Any CPU.Build.0 = Debug|Any CPU
		{0107dfb0-bedb-3c42-0e8f-0dd39da608d4}.Debug|Any CPU.ActiveCfg = Debug|Any CPU
		{0107dfb0-bedb-3c42-0e8f-0dd39da608d4}.Debug|Any CPU.Build.0 = Debug|Any CPU
		{075e2b97-dc0e-c1a6-5e8b-798731cf6b78}.Debug|Any CPU.ActiveCfg = Debug|Any CPU
		{075e2b97-dc0e-c1a6-5e8b-798731cf6b78}.Debug|Any CPU.Build.0 = Debug|Any CPU
		{69cb4693-0c8c-0da8-8a76-018420ea5990}.Debug|Any CPU.ActiveCfg = Debug|Any CPU
		{69cb4693-0c8c-0da8-8a76-018420ea5990}.Debug|Any CPU.Build.0 = Debug|Any CPU
		{d0829e35-4b97-893e-6246-91e14bc89356}.Debug|Any CPU.ActiveCfg = Debug|Any CPU
		{d0829e35-4b97-893e-6246-91e14bc89356}.Debug|Any CPU.Build.0 = Debug|Any CPU
		{e01958e2-ddb3-602d-4c5f-329d3d3d6a6c}.Debug|Any CPU.ActiveCfg = Debug|Any CPU
		{e01958e2-ddb3-602d-4c5f-329d3d3d6a6c}.Debug|Any CPU.Build.0 = Debug|Any CPU
		{e4cdc5ed-520a-97ab-1efb-4445520f7a50}.Debug|Any CPU.ActiveCfg = Debug|Any CPU
		{e4cdc5ed-520a-97ab-1efb-4445520f7a50}.Debug|Any CPU.Build.0 = Debug|Any CPU
		{89955bc8-1174-afcc-6163-a81aba6954c2}.Debug|Any CPU.ActiveCfg = Debug|Any CPU
		{89955bc8-1174-afcc-6163-a81aba6954c2}.Debug|Any CPU.Build.0 = Debug|Any CPU
		{46f514de-cd24-35b8-72e8-46f8cd56b31d}.Debug|Any CPU.ActiveCfg = Debug|Any CPU
		{46f514de-cd24-35b8-72e8-46f8cd56b31d}.Debug|Any CPU.Build.0 = Debug|Any CPU
		{b3313121-5902-cd9f-5d4e-11f2de738c53}.Debug|Any CPU.ActiveCfg = Debug|Any CPU
		{b3313121-5902-cd9f-5d4e-11f2de738c53}.Debug|Any CPU.Build.0 = Debug|Any CPU
		{37ee5378-bb3d-75d5-ceb5-88d5bd2e4fc6}.Debug|Any CPU.ActiveCfg = Debug|Any CPU
		{37ee5378-bb3d-75d5-ceb5-88d5bd2e4fc6}.Debug|Any CPU.Build.0 = Debug|Any CPU
		{790b419f-ef93-ad47-2c7f-95ae44ca90da}.Debug|Any CPU.ActiveCfg = Debug|Any CPU
		{790b419f-ef93-ad47-2c7f-95ae44ca90da}.Debug|Any CPU.Build.0 = Debug|Any CPU
		{947be95a-4b10-12f2-ceb1-537d38f78b3f}.Debug|Any CPU.ActiveCfg = Debug|Any CPU
		{947be95a-4b10-12f2-ceb1-537d38f78b3f}.Debug|Any CPU.Build.0 = Debug|Any CPU
		{09f39582-3fc1-a011-1484-2d3ff17eb165}.Debug|Any CPU.ActiveCfg = Debug|Any CPU
		{09f39582-3fc1-a011-1484-2d3ff17eb165}.Debug|Any CPU.Build.0 = Debug|Any CPU
		{3f788339-4f81-b6f0-8367-80902229c91b}.Debug|Any CPU.ActiveCfg = Debug|Any CPU
		{3f788339-4f81-b6f0-8367-80902229c91b}.Debug|Any CPU.Build.0 = Debug|Any CPU
		{103a6e6f-47cd-9e83-877c-3d1e34ded2b9}.Debug|Any CPU.ActiveCfg = Debug|Any CPU
		{103a6e6f-47cd-9e83-877c-3d1e34ded2b9}.Debug|Any CPU.Build.0 = Debug|Any CPU
		{1d5534c6-97f5-a767-d6e9-a3865863b4f0}.Debug|Any CPU.ActiveCfg = Debug|Any CPU
		{1d5534c6-97f5-a767-d6e9-a3865863b4f0}.Debug|Any CPU.Build.0 = Debug|Any CPU
		{53230c8a-1ce0-ed9a-8838-38c1c8a8b576}.Debug|Any CPU.ActiveCfg = Debug|Any CPU
		{53230c8a-1ce0-ed9a-8838-38c1c8a8b576}.Debug|Any CPU.Build.0 = Debug|Any CPU
		{20e0c4b3-e3ec-1219-c594-5585ff8b36ec}.Debug|Any CPU.ActiveCfg = Debug|Any CPU
		{20e0c4b3-e3ec-1219-c594-5585ff8b36ec}.Debug|Any CPU.Build.0 = Debug|Any CPU
		{bafb87b0-b2c7-9acb-a1b9-3cb9a7a19ac4}.Debug|Any CPU.ActiveCfg = Debug|Any CPU
		{bafb87b0-b2c7-9acb-a1b9-3cb9a7a19ac4}.Debug|Any CPU.Build.0 = Debug|Any CPU
		{4df5b14b-09c5-84ad-4055-aac3db585285}.Debug|Any CPU.ActiveCfg = Debug|Any CPU
		{4df5b14b-09c5-84ad-4055-aac3db585285}.Debug|Any CPU.Build.0 = Debug|Any CPU
	EndGlobalSection
	GlobalSection(SolutionProperties) = preSolution
		HideSolutionNode = FALSE
	EndGlobalSection
EndGlobal
