
Microsoft Visual Studio Solution File, Format Version 11.00
# Visual Studio 2010
Project("{FAE04EC0-301F-11D3-BF4B-00C04F79EFBC}") = "UnityEngine.UI", "UnityEngine.UI.csproj", "{1fe7d951-842a-1d1d-114f-2d38962885d5}"
EndProject
Project("{FAE04EC0-301F-11D3-BF4B-00C04F79EFBC}") = "Unity.RenderPipelines.Core.Runtime", "Unity.RenderPipelines.Core.Runtime.csproj", "{a2a26c0d-febb-a959-9772-25c958254718}"
EndProject
Project("{FAE04EC0-301F-11D3-BF4B-00C04F79EFBC}") = "UnityEngine.TestRunner", "UnityEngine.TestRunner.csproj", "{7fc459a5-2ab1-005b-95c1-ba2e02ff8041}"
EndProject
Project("{FAE04EC0-301F-11D3-BF4B-00C04F79EFBC}") = "Unity.Mathematics", "Unity.Mathematics.csproj", "{9508b597-7360-0776-1626-3632f6a27571}"
EndProject
Project("{FAE04EC0-301F-11D3-BF4B-00C04F79EFBC}") = "Unity.RenderPipelines.Universal.Runtime", "Unity.RenderPipelines.Universal.Runtime.csproj", "{f5cefcce-444b-0d9c-9497-63abf7250b8f}"
EndProject
Project("{FAE04EC0-301F-11D3-BF4B-00C04F79EFBC}") = "Unity.Burst", "Unity.Burst.csproj", "{eeba573b-8b50-c7f6-db5e-91741d6ea85d}"
EndProject
Project("{FAE04EC0-301F-11D3-BF4B-00C04F79EFBC}") = "Unity.2D.Animation.Runtime", "Unity.2D.Animation.Runtime.csproj", "{88fc61a8-e2ac-9b9a-b997-a95566af352e}"
EndProject
Project("{FAE04EC0-301F-11D3-BF4B-00C04F79EFBC}") = "Unity.TextMeshPro", "Unity.TextMeshPro.csproj", "{1cbfaec8-3a3c-2e94-46ea-d7bb3ceb1286}"
EndProject
Project("{FAE04EC0-301F-11D3-BF4B-00C04F79EFBC}") = "Unity.Timeline", "Unity.Timeline.csproj", "{df47f111-933b-dad7-897a-e78460b15109}"
EndProject
Project("{FAE04EC0-301F-11D3-BF4B-00C04F79EFBC}") = "Unity.RenderPipeline.Universal.ShaderLibrary", "Unity.RenderPipeline.Universal.ShaderLibrary.csproj", "{b37c524f-f395-4318-c6d8-9e5e6460b54f}"
EndProject
Project("{FAE04EC0-301F-11D3-BF4B-00C04F79EFBC}") = "Unity.2D.SpriteShape.Runtime", "Unity.2D.SpriteShape.Runtime.csproj", "{262dcd6a-93a1-38c0-34cb-877a59e5b7a3}"
EndProject
Project("{FAE04EC0-301F-11D3-BF4B-00C04F79EFBC}") = "Unity.2D.PixelPerfect", "Unity.2D.PixelPerfect.csproj", "{af471136-158c-64f1-708d-6c3aaf3dcd21}"
EndProject
Project("{FAE04EC0-301F-11D3-BF4B-00C04F79EFBC}") = "Unity.2D.Common.Runtime", "Unity.2D.Common.Runtime.csproj", "{9ad1a4d2-94c3-c7d5-1f3c-6c0fa8e273bb}"
EndProject
Project("{FAE04EC0-301F-11D3-BF4B-00C04F79EFBC}") = "Assembly-CSharp", "Assembly-CSharp.csproj", "{f4872e3e-83e2-8764-21f0-c5d16be5838d}"
EndProject
Project("{FAE04EC0-301F-11D3-BF4B-00C04F79EFBC}") = "Unity.2D.IK.Runtime", "Unity.2D.IK.Runtime.csproj", "{df3f3c8e-064d-1bfa-c561-dc0803726066}"
EndProject
Project("{FAE04EC0-301F-11D3-BF4B-00C04F79EFBC}") = "Unity.Recorder", "Unity.Recorder.csproj", "{0e073c73-7bc6-d67a-8efa-842aeed22c0b}"
EndProject
Project("{FAE04EC0-301F-11D3-BF4B-00C04F79EFBC}") = "Unity.RenderPipelines.Core.ShaderLibrary", "Unity.RenderPipelines.Core.ShaderLibrary.csproj", "{0cf65efb-8867-18aa-69cb-a65f8bdea3a3}"
EndProject
Project("{FAE04EC0-301F-11D3-BF4B-00C04F79EFBC}") = "Unity.InternalAPIEngineBridge.001", "Unity.InternalAPIEngineBridge.001.csproj", "{caaa2b4e-ae7d-11e4-bfd6-1431d265a6a9}"
EndProject
Project("{FAE04EC0-301F-11D3-BF4B-00C04F79EFBC}") = "Unity.Recorder.Base", "Unity.Recorder.Base.csproj", "{27e7ebaf-5bf9-9e80-aa2a-9e6bdb2c893a}"
EndProject
Project("{FAE04EC0-301F-11D3-BF4B-00C04F79EFBC}") = "Unity.RenderPipelines.Universal.Shaders", "Unity.RenderPipelines.Universal.Shaders.csproj", "{46cc21f6-4e2b-14fd-39ec-8fcacbbbd9d1}"
EndProject
Project("{FAE04EC0-301F-11D3-BF4B-00C04F79EFBC}") = "Unity.RenderPipelines.ShaderGraph.ShaderGraphLibrary", "Unity.RenderPipelines.ShaderGraph.ShaderGraphLibrary.csproj", "{4d398f28-2cb0-e782-708a-a386598a0196}"
EndProject
Project("{FAE04EC0-301F-11D3-BF4B-00C04F79EFBC}") = "Unity.PlasticSCM.Editor", "Unity.PlasticSCM.Editor.csproj", "{12726271-000d-ecd8-e468-0e222a1f67fe}"
EndProject
Project("{FAE04EC0-301F-11D3-BF4B-00C04F79EFBC}") = "Unity.ShaderGraph.Editor", "Unity.ShaderGraph.Editor.csproj", "{adb68242-9cf9-8ff3-bd87-9c0e8da89cb4}"
EndProject
Project("{FAE04EC0-301F-11D3-BF4B-00C04F79EFBC}") = "Unity.VisualStudio.Editor", "Unity.VisualStudio.Editor.csproj", "{e768849f-de0a-b664-3f3b-5142670cfbd1}"
EndProject
Project("{FAE04EC0-301F-11D3-BF4B-00C04F79EFBC}") = "Unity.Timeline.Editor", "Unity.Timeline.Editor.csproj", "{9aa75416-d835-8ad2-4c8d-06148b5dba90}"
EndProject
Project("{FAE04EC0-301F-11D3-BF4B-00C04F79EFBC}") = "Unity.Recorder.Editor", "Unity.Recorder.Editor.csproj", "{e5da430e-2164-b16d-fa0d-e06da443c78c}"
EndProject
Project("{FAE04EC0-301F-11D3-BF4B-00C04F79EFBC}") = "Unity.RenderPipelines.Universal.Editor", "Unity.RenderPipelines.Universal.Editor.csproj", "{0835004c-9c52-f0c5-cbb4-bb06080da104}"
EndProject
Project("{FAE04EC0-301F-11D3-BF4B-00C04F79EFBC}") = "Unity.TextMeshPro.Editor", "Unity.TextMeshPro.Editor.csproj", "{30edbaa1-e072-35f0-ae5c-8e925cb41538}"
EndProject
Project("{FAE04EC0-301F-11D3-BF4B-00C04F79EFBC}") = "Unity.RenderPipelines.Core.Editor", "Unity.RenderPipelines.Core.Editor.csproj", "{c6d44c98-ced4-d87e-2953-a5789c2256d2}"
EndProject
Project("{FAE04EC0-301F-11D3-BF4B-00C04F79EFBC}") = "Unity.2D.Animation.Editor", "Unity.2D.Animation.Editor.csproj", "{6949fd33-0439-6f1e-b79b-1cd18e70b8af}"
EndProject
Project("{FAE04EC0-301F-11D3-BF4B-00C04F79EFBC}") = "Unity.CollabProxy.Editor", "Unity.CollabProxy.Editor.csproj", "{bb4b24dc-757d-b670-d685-02a1bbb0b345}"
EndProject
Project("{FAE04EC0-301F-11D3-BF4B-00C04F79EFBC}") = "UnityEditor.TestRunner", "UnityEditor.TestRunner.csproj", "{10f4d752-7c94-5674-ee8a-62def4112729}"
EndProject
Project("{FAE04EC0-301F-11D3-BF4B-00C04F79EFBC}") = "Unity.2D.Tilemap.Editor", "Unity.2D.Tilemap.Editor.csproj", "{218f83a9-4017-e612-5601-b5168c9f8f5c}"
EndProject
Project("{FAE04EC0-301F-11D3-BF4B-00C04F79EFBC}") = "Unity.Rider.Editor", "Unity.Rider.Editor.csproj", "{5388d099-9da4-1ffa-6a3d-151310969f77}"
EndProject
Project("{FAE04EC0-301F-11D3-BF4B-00C04F79EFBC}") = "Unity.2D.Path.Editor", "Unity.2D.Path.Editor.csproj", "{cc3b05c8-8866-4c78-a41a-59aa51d43659}"
EndProject
Project("{FAE04EC0-301F-11D3-BF4B-00C04F79EFBC}") = "Unity.Services.Core.Editor", "Unity.Services.Core.Editor.csproj", "{980e491b-e773-7aee-8928-af54a6271c60}"
EndProject
Project("{FAE04EC0-301F-11D3-BF4B-00C04F79EFBC}") = "PsdPlugin", "PsdPlugin.csproj", "{969164bf-2c4a-aa30-37eb-337771d17701}"
EndProject
Project("{FAE04EC0-301F-11D3-BF4B-00C04F79EFBC}") = "Unity.Searcher.Editor", "Unity.Searcher.Editor.csproj", "{dd3a13da-c136-938d-43c8-372be4a038f2}"
EndProject
Project("{FAE04EC0-301F-11D3-BF4B-00C04F79EFBC}") = "Unity.2D.IK.Editor", "Unity.2D.IK.Editor.csproj", "{d935d976-f443-70f6-f670-725a77b0e7eb}"
EndProject
Project("{FAE04EC0-301F-11D3-BF4B-00C04F79EFBC}") = "Unity.2D.Psdimporter.Editor", "Unity.2D.Psdimporter.Editor.csproj", "{fadb88d5-e1ef-fc0e-27d2-f51e9d474bdb}"
EndProject
Project("{FAE04EC0-301F-11D3-BF4B-00C04F79EFBC}") = "Unity.2D.SpriteShape.Editor", "Unity.2D.SpriteShape.Editor.csproj", "{0a1f89fb-7f75-1d3d-ba71-01fa867ab6bb}"
EndProject
Project("{FAE04EC0-301F-11D3-BF4B-00C04F79EFBC}") = "Unity.Burst.CodeGen", "Unity.Burst.CodeGen.csproj", "{736fb14c-ab5a-2a99-aba8-80f7e2393031}"
EndProject
Project("{FAE04EC0-301F-11D3-BF4B-00C04F79EFBC}") = "Unity.2D.PixelPerfect.Editor", "Unity.2D.PixelPerfect.Editor.csproj", "{a1c7c528-db2b-364f-298c-c4f9965edcae}"
EndProject
Project("{FAE04EC0-301F-11D3-BF4B-00C04F79EFBC}") = "Unity.VSCode.Editor", "Unity.VSCode.Editor.csproj", "{a85b4253-c4b4-a49c-50df-ea6b27000936}"
EndProject
Project("{FAE04EC0-301F-11D3-BF4B-00C04F79EFBC}") = "Unity.2D.Sprite.Editor", "Unity.2D.Sprite.Editor.csproj", "{bae89d5b-563b-8d7a-0ff4-f80a4f79ea99}"
EndProject
Project("{FAE04EC0-301F-11D3-BF4B-00C04F79EFBC}") = "UnityEditor.UI", "UnityEditor.UI.csproj", "{87cb2468-fda1-78ff-7cc9-5cb32372c678}"
EndProject
Project("{FAE04EC0-301F-11D3-BF4B-00C04F79EFBC}") = "PPv2URPConverters", "PPv2URPConverters.csproj", "{579af557-c3bb-56c6-77da-488dd417b108}"
EndProject
Project("{FAE04EC0-301F-11D3-BF4B-00C04F79EFBC}") = "Unity.2D.Common.Editor", "Unity.2D.Common.Editor.csproj", "{79dda033-0fff-c5e4-37ca-fd229af86632}"
EndProject
Project("{FAE04EC0-301F-11D3-BF4B-00C04F79EFBC}") = "Unity.Mathematics.Editor", "Unity.Mathematics.Editor.csproj", "{c5edaaf4-eb6a-133d-d3b0-94c0be2b5e09}"
EndProject
Project("{FAE04EC0-301F-11D3-BF4B-00C04F79EFBC}") = "Unity.Burst.Editor", "Unity.Burst.Editor.csproj", "{850b1f45-6f5d-1a96-430e-58be973f523c}"
EndProject
Project("{FAE04EC0-301F-11D3-BF4B-00C04F79EFBC}") = "Unity.InternalAPIEditorBridge.001", "Unity.InternalAPIEditorBridge.001.csproj", "{53a04f1e-e642-06ba-83df-970b74143413}"
EndProject
Project("{FAE04EC0-301F-11D3-BF4B-00C04F79EFBC}") = "Unity.ShaderGraph.Utilities", "Unity.ShaderGraph.Utilities.csproj", "{75e4558d-50e3-438c-3438-145cfda4888a}"
EndProject
Global
	GlobalSection(SolutionConfigurationPlatforms) = preSolution
		Debug|Any CPU = Debug|Any CPU
	EndGlobalSection
	GlobalSection(ProjectConfigurationPlatforms) = postSolution
		{1fe7d951-842a-1d1d-114f-2d38962885d5}.Debug|Any CPU.ActiveCfg = Debug|Any CPU
		{1fe7d951-842a-1d1d-114f-2d38962885d5}.Debug|Any CPU.Build.0 = Debug|Any CPU
		{a2a26c0d-febb-a959-9772-25c958254718}.Debug|Any CPU.ActiveCfg = Debug|Any CPU
		{a2a26c0d-febb-a959-9772-25c958254718}.Debug|Any CPU.Build.0 = Debug|Any CPU
		{7fc459a5-2ab1-005b-95c1-ba2e02ff8041}.Debug|Any CPU.ActiveCfg = Debug|Any CPU
		{7fc459a5-2ab1-005b-95c1-ba2e02ff8041}.Debug|Any CPU.Build.0 = Debug|Any CPU
		{9508b597-7360-0776-1626-3632f6a27571}.Debug|Any CPU.ActiveCfg = Debug|Any CPU
		{9508b597-7360-0776-1626-3632f6a27571}.Debug|Any CPU.Build.0 = Debug|Any CPU
		{f5cefcce-444b-0d9c-9497-63abf7250b8f}.Debug|Any CPU.ActiveCfg = Debug|Any CPU
		{f5cefcce-444b-0d9c-9497-63abf7250b8f}.Debug|Any CPU.Build.0 = Debug|Any CPU
		{eeba573b-8b50-c7f6-db5e-91741d6ea85d}.Debug|Any CPU.ActiveCfg = Debug|Any CPU
		{eeba573b-8b50-c7f6-db5e-91741d6ea85d}.Debug|Any CPU.Build.0 = Debug|Any CPU
		{88fc61a8-e2ac-9b9a-b997-a95566af352e}.Debug|Any CPU.ActiveCfg = Debug|Any CPU
		{88fc61a8-e2ac-9b9a-b997-a95566af352e}.Debug|Any CPU.Build.0 = Debug|Any CPU
		{1cbfaec8-3a3c-2e94-46ea-d7bb3ceb1286}.Debug|Any CPU.ActiveCfg = Debug|Any CPU
		{1cbfaec8-3a3c-2e94-46ea-d7bb3ceb1286}.Debug|Any CPU.Build.0 = Debug|Any CPU
		{df47f111-933b-dad7-897a-e78460b15109}.Debug|Any CPU.ActiveCfg = Debug|Any CPU
		{df47f111-933b-dad7-897a-e78460b15109}.Debug|Any CPU.Build.0 = Debug|Any CPU
		{b37c524f-f395-4318-c6d8-9e5e6460b54f}.Debug|Any CPU.ActiveCfg = Debug|Any CPU
		{b37c524f-f395-4318-c6d8-9e5e6460b54f}.Debug|Any CPU.Build.0 = Debug|Any CPU
		{262dcd6a-93a1-38c0-34cb-877a59e5b7a3}.Debug|Any CPU.ActiveCfg = Debug|Any CPU
		{262dcd6a-93a1-38c0-34cb-877a59e5b7a3}.Debug|Any CPU.Build.0 = Debug|Any CPU
		{af471136-158c-64f1-708d-6c3aaf3dcd21}.Debug|Any CPU.ActiveCfg = Debug|Any CPU
		{af471136-158c-64f1-708d-6c3aaf3dcd21}.Debug|Any CPU.Build.0 = Debug|Any CPU
		{9ad1a4d2-94c3-c7d5-1f3c-6c0fa8e273bb}.Debug|Any CPU.ActiveCfg = Debug|Any CPU
		{9ad1a4d2-94c3-c7d5-1f3c-6c0fa8e273bb}.Debug|Any CPU.Build.0 = Debug|Any CPU
		{f4872e3e-83e2-8764-21f0-c5d16be5838d}.Debug|Any CPU.ActiveCfg = Debug|Any CPU
		{f4872e3e-83e2-8764-21f0-c5d16be5838d}.Debug|Any CPU.Build.0 = Debug|Any CPU
		{df3f3c8e-064d-1bfa-c561-dc0803726066}.Debug|Any CPU.ActiveCfg = Debug|Any CPU
		{df3f3c8e-064d-1bfa-c561-dc0803726066}.Debug|Any CPU.Build.0 = Debug|Any CPU
		{0e073c73-7bc6-d67a-8efa-842aeed22c0b}.Debug|Any CPU.ActiveCfg = Debug|Any CPU
		{0e073c73-7bc6-d67a-8efa-842aeed22c0b}.Debug|Any CPU.Build.0 = Debug|Any CPU
		{0cf65efb-8867-18aa-69cb-a65f8bdea3a3}.Debug|Any CPU.ActiveCfg = Debug|Any CPU
		{0cf65efb-8867-18aa-69cb-a65f8bdea3a3}.Debug|Any CPU.Build.0 = Debug|Any CPU
		{caaa2b4e-ae7d-11e4-bfd6-1431d265a6a9}.Debug|Any CPU.ActiveCfg = Debug|Any CPU
		{caaa2b4e-ae7d-11e4-bfd6-1431d265a6a9}.Debug|Any CPU.Build.0 = Debug|Any CPU
		{27e7ebaf-5bf9-9e80-aa2a-9e6bdb2c893a}.Debug|Any CPU.ActiveCfg = Debug|Any CPU
		{27e7ebaf-5bf9-9e80-aa2a-9e6bdb2c893a}.Debug|Any CPU.Build.0 = Debug|Any CPU
		{46cc21f6-4e2b-14fd-39ec-8fcacbbbd9d1}.Debug|Any CPU.ActiveCfg = Debug|Any CPU
		{46cc21f6-4e2b-14fd-39ec-8fcacbbbd9d1}.Debug|Any CPU.Build.0 = Debug|Any CPU
		{4d398f28-2cb0-e782-708a-a386598a0196}.Debug|Any CPU.ActiveCfg = Debug|Any CPU
		{4d398f28-2cb0-e782-708a-a386598a0196}.Debug|Any CPU.Build.0 = Debug|Any CPU
		{12726271-000d-ecd8-e468-0e222a1f67fe}.Debug|Any CPU.ActiveCfg = Debug|Any CPU
		{12726271-000d-ecd8-e468-0e222a1f67fe}.Debug|Any CPU.Build.0 = Debug|Any CPU
		{adb68242-9cf9-8ff3-bd87-9c0e8da89cb4}.Debug|Any CPU.ActiveCfg = Debug|Any CPU
		{adb68242-9cf9-8ff3-bd87-9c0e8da89cb4}.Debug|Any CPU.Build.0 = Debug|Any CPU
		{e768849f-de0a-b664-3f3b-5142670cfbd1}.Debug|Any CPU.ActiveCfg = Debug|Any CPU
		{e768849f-de0a-b664-3f3b-5142670cfbd1}.Debug|Any CPU.Build.0 = Debug|Any CPU
		{9aa75416-d835-8ad2-4c8d-06148b5dba90}.Debug|Any CPU.ActiveCfg = Debug|Any CPU
		{9aa75416-d835-8ad2-4c8d-06148b5dba90}.Debug|Any CPU.Build.0 = Debug|Any CPU
		{e5da430e-2164-b16d-fa0d-e06da443c78c}.Debug|Any CPU.ActiveCfg = Debug|Any CPU
		{e5da430e-2164-b16d-fa0d-e06da443c78c}.Debug|Any CPU.Build.0 = Debug|Any CPU
		{0835004c-9c52-f0c5-cbb4-bb06080da104}.Debug|Any CPU.ActiveCfg = Debug|Any CPU
		{0835004c-9c52-f0c5-cbb4-bb06080da104}.Debug|Any CPU.Build.0 = Debug|Any CPU
		{30edbaa1-e072-35f0-ae5c-8e925cb41538}.Debug|Any CPU.ActiveCfg = Debug|Any CPU
		{30edbaa1-e072-35f0-ae5c-8e925cb41538}.Debug|Any CPU.Build.0 = Debug|Any CPU
		{c6d44c98-ced4-d87e-2953-a5789c2256d2}.Debug|Any CPU.ActiveCfg = Debug|Any CPU
		{c6d44c98-ced4-d87e-2953-a5789c2256d2}.Debug|Any CPU.Build.0 = Debug|Any CPU
		{6949fd33-0439-6f1e-b79b-1cd18e70b8af}.Debug|Any CPU.ActiveCfg = Debug|Any CPU
		{6949fd33-0439-6f1e-b79b-1cd18e70b8af}.Debug|Any CPU.Build.0 = Debug|Any CPU
		{bb4b24dc-757d-b670-d685-02a1bbb0b345}.Debug|Any CPU.ActiveCfg = Debug|Any CPU
		{bb4b24dc-757d-b670-d685-02a1bbb0b345}.Debug|Any CPU.Build.0 = Debug|Any CPU
		{10f4d752-7c94-5674-ee8a-62def4112729}.Debug|Any CPU.ActiveCfg = Debug|Any CPU
		{10f4d752-7c94-5674-ee8a-62def4112729}.Debug|Any CPU.Build.0 = Debug|Any CPU
		{218f83a9-4017-e612-5601-b5168c9f8f5c}.Debug|Any CPU.ActiveCfg = Debug|Any CPU
		{218f83a9-4017-e612-5601-b5168c9f8f5c}.Debug|Any CPU.Build.0 = Debug|Any CPU
		{5388d099-9da4-1ffa-6a3d-151310969f77}.Debug|Any CPU.ActiveCfg = Debug|Any CPU
		{5388d099-9da4-1ffa-6a3d-151310969f77}.Debug|Any CPU.Build.0 = Debug|Any CPU
		{cc3b05c8-8866-4c78-a41a-59aa51d43659}.Debug|Any CPU.ActiveCfg = Debug|Any CPU
		{cc3b05c8-8866-4c78-a41a-59aa51d43659}.Debug|Any CPU.Build.0 = Debug|Any CPU
		{980e491b-e773-7aee-8928-af54a6271c60}.Debug|Any CPU.ActiveCfg = Debug|Any CPU
		{980e491b-e773-7aee-8928-af54a6271c60}.Debug|Any CPU.Build.0 = Debug|Any CPU
		{969164bf-2c4a-aa30-37eb-337771d17701}.Debug|Any CPU.ActiveCfg = Debug|Any CPU
		{969164bf-2c4a-aa30-37eb-337771d17701}.Debug|Any CPU.Build.0 = Debug|Any CPU
		{dd3a13da-c136-938d-43c8-372be4a038f2}.Debug|Any CPU.ActiveCfg = Debug|Any CPU
		{dd3a13da-c136-938d-43c8-372be4a038f2}.Debug|Any CPU.Build.0 = Debug|Any CPU
		{d935d976-f443-70f6-f670-725a77b0e7eb}.Debug|Any CPU.ActiveCfg = Debug|Any CPU
		{d935d976-f443-70f6-f670-725a77b0e7eb}.Debug|Any CPU.Build.0 = Debug|Any CPU
		{fadb88d5-e1ef-fc0e-27d2-f51e9d474bdb}.Debug|Any CPU.ActiveCfg = Debug|Any CPU
		{fadb88d5-e1ef-fc0e-27d2-f51e9d474bdb}.Debug|Any CPU.Build.0 = Debug|Any CPU
		{0a1f89fb-7f75-1d3d-ba71-01fa867ab6bb}.Debug|Any CPU.ActiveCfg = Debug|Any CPU
		{0a1f89fb-7f75-1d3d-ba71-01fa867ab6bb}.Debug|Any CPU.Build.0 = Debug|Any CPU
		{736fb14c-ab5a-2a99-aba8-80f7e2393031}.Debug|Any CPU.ActiveCfg = Debug|Any CPU
		{736fb14c-ab5a-2a99-aba8-80f7e2393031}.Debug|Any CPU.Build.0 = Debug|Any CPU
		{a1c7c528-db2b-364f-298c-c4f9965edcae}.Debug|Any CPU.ActiveCfg = Debug|Any CPU
		{a1c7c528-db2b-364f-298c-c4f9965edcae}.Debug|Any CPU.Build.0 = Debug|Any CPU
		{a85b4253-c4b4-a49c-50df-ea6b27000936}.Debug|Any CPU.ActiveCfg = Debug|Any CPU
		{a85b4253-c4b4-a49c-50df-ea6b27000936}.Debug|Any CPU.Build.0 = Debug|Any CPU
		{bae89d5b-563b-8d7a-0ff4-f80a4f79ea99}.Debug|Any CPU.ActiveCfg = Debug|Any CPU
		{bae89d5b-563b-8d7a-0ff4-f80a4f79ea99}.Debug|Any CPU.Build.0 = Debug|Any CPU
		{87cb2468-fda1-78ff-7cc9-5cb32372c678}.Debug|Any CPU.ActiveCfg = Debug|Any CPU
		{87cb2468-fda1-78ff-7cc9-5cb32372c678}.Debug|Any CPU.Build.0 = Debug|Any CPU
		{579af557-c3bb-56c6-77da-488dd417b108}.Debug|Any CPU.ActiveCfg = Debug|Any CPU
		{579af557-c3bb-56c6-77da-488dd417b108}.Debug|Any CPU.Build.0 = Debug|Any CPU
		{79dda033-0fff-c5e4-37ca-fd229af86632}.Debug|Any CPU.ActiveCfg = Debug|Any CPU
		{79dda033-0fff-c5e4-37ca-fd229af86632}.Debug|Any CPU.Build.0 = Debug|Any CPU
		{c5edaaf4-eb6a-133d-d3b0-94c0be2b5e09}.Debug|Any CPU.ActiveCfg = Debug|Any CPU
		{c5edaaf4-eb6a-133d-d3b0-94c0be2b5e09}.Debug|Any CPU.Build.0 = Debug|Any CPU
		{850b1f45-6f5d-1a96-430e-58be973f523c}.Debug|Any CPU.ActiveCfg = Debug|Any CPU
		{850b1f45-6f5d-1a96-430e-58be973f523c}.Debug|Any CPU.Build.0 = Debug|Any CPU
		{53a04f1e-e642-06ba-83df-970b74143413}.Debug|Any CPU.ActiveCfg = Debug|Any CPU
		{53a04f1e-e642-06ba-83df-970b74143413}.Debug|Any CPU.Build.0 = Debug|Any CPU
		{75e4558d-50e3-438c-3438-145cfda4888a}.Debug|Any CPU.ActiveCfg = Debug|Any CPU
		{75e4558d-50e3-438c-3438-145cfda4888a}.Debug|Any CPU.Build.0 = Debug|Any CPU
	EndGlobalSection
	GlobalSection(SolutionProperties) = preSolution
		HideSolutionNode = FALSE
	EndGlobalSection
EndGlobal
